
Microsoft Visual Studio Solution File, Format Version 12.00
# Visual Studio Version 16
VisualStudioVersion = 16.0.31911.196
MinimumVisualStudioVersion = 10.0.40219.1
Project("{FAE04EC0-301F-11D3-BF4B-00C04F79EFBC}") = "Client.Mobile.Android", "Client.Mobile\Client.Mobile.Android\Client.Mobile.Android.csproj", "{AC9F1853-0AF9-4C2D-919F-FFDA182CFB5F}"
EndProject
Project("{FAE04EC0-301F-11D3-BF4B-00C04F79EFBC}") = "Client.Mobile.iOS", "Client.Mobile\Client.Mobile.iOS\Client.Mobile.iOS.csproj", "{99DC4DBC-58EF-4532-99C9-79CE378DA855}"
EndProject
Project("{9A19103F-16F7-4668-BE54-9A1E7A4F7556}") = "Client.Mobile", "Client.Mobile\Client.Mobile\Client.Mobile.csproj", "{090CD0EA-EC62-4A6D-81F7-624F9A0EFCBD}"
EndProject
Project("{FAE04EC0-301F-11D3-BF4B-00C04F79EFBC}") = "Supplier.Mobile.Android", "Supplier.Mobile\Supplier.Mobile.Android\Supplier.Mobile.Android.csproj", "{34C163D3-7C3A-4908-8C28-D246DCA15DEE}"
EndProject
Project("{FAE04EC0-301F-11D3-BF4B-00C04F79EFBC}") = "Supplier.Mobile.iOS", "Supplier.Mobile\Supplier.Mobile.iOS\Supplier.Mobile.iOS.csproj", "{4A220124-7445-4909-8032-5929EB05C14E}"
EndProject
Project("{9A19103F-16F7-4668-BE54-9A1E7A4F7556}") = "Supplier.Mobile", "Supplier.Mobile\Supplier.Mobile\Supplier.Mobile.csproj", "{D67E41F9-83B8-4BFA-98C7-D9ECA95B7A44}"
EndProject
Project("{9A19103F-16F7-4668-BE54-9A1E7A4F7556}") = "API", "API\API.csproj", "{5CB12C37-A426-4E9B-8A9B-9CAB6A18B0BE}"
EndProject
Project("{FAE04EC0-301F-11D3-BF4B-00C04F79EFBC}") = "BLL", "BLL\BLL.csproj", "{66519B52-97FB-4A12-884E-EAB858B8407E}"
EndProject
Global
	GlobalSection(SolutionConfigurationPlatforms) = preSolution
		Debug|Any CPU = Debug|Any CPU
		Debug|iPhone = Debug|iPhone
		Debug|iPhoneSimulator = Debug|iPhoneSimulator
		Release|Any CPU = Release|Any CPU
		Release|iPhone = Release|iPhone
		Release|iPhoneSimulator = Release|iPhoneSimulator
	EndGlobalSection
	GlobalSection(ProjectConfigurationPlatforms) = postSolution
		{AC9F1853-0AF9-4C2D-919F-FFDA182CFB5F}.Debug|Any CPU.ActiveCfg = Debug|Any CPU
		{AC9F1853-0AF9-4C2D-919F-FFDA182CFB5F}.Debug|Any CPU.Build.0 = Debug|Any CPU
		{AC9F1853-0AF9-4C2D-919F-FFDA182CFB5F}.Debug|Any CPU.Deploy.0 = Debug|Any CPU
		{AC9F1853-0AF9-4C2D-919F-FFDA182CFB5F}.Debug|iPhone.ActiveCfg = Debug|Any CPU
		{AC9F1853-0AF9-4C2D-919F-FFDA182CFB5F}.Debug|iPhone.Build.0 = Debug|Any CPU
		{AC9F1853-0AF9-4C2D-919F-FFDA182CFB5F}.Debug|iPhone.Deploy.0 = Debug|Any CPU
		{AC9F1853-0AF9-4C2D-919F-FFDA182CFB5F}.Debug|iPhoneSimulator.ActiveCfg = Debug|Any CPU
		{AC9F1853-0AF9-4C2D-919F-FFDA182CFB5F}.Debug|iPhoneSimulator.Build.0 = Debug|Any CPU
		{AC9F1853-0AF9-4C2D-919F-FFDA182CFB5F}.Debug|iPhoneSimulator.Deploy.0 = Debug|Any CPU
		{AC9F1853-0AF9-4C2D-919F-FFDA182CFB5F}.Release|Any CPU.ActiveCfg = Release|Any CPU
		{AC9F1853-0AF9-4C2D-919F-FFDA182CFB5F}.Release|Any CPU.Build.0 = Release|Any CPU
		{AC9F1853-0AF9-4C2D-919F-FFDA182CFB5F}.Release|Any CPU.Deploy.0 = Release|Any CPU
		{AC9F1853-0AF9-4C2D-919F-FFDA182CFB5F}.Release|iPhone.ActiveCfg = Release|Any CPU
		{AC9F1853-0AF9-4C2D-919F-FFDA182CFB5F}.Release|iPhone.Build.0 = Release|Any CPU
		{AC9F1853-0AF9-4C2D-919F-FFDA182CFB5F}.Release|iPhone.Deploy.0 = Release|Any CPU
		{AC9F1853-0AF9-4C2D-919F-FFDA182CFB5F}.Release|iPhoneSimulator.ActiveCfg = Release|Any CPU
		{AC9F1853-0AF9-4C2D-919F-FFDA182CFB5F}.Release|iPhoneSimulator.Build.0 = Release|Any CPU
		{AC9F1853-0AF9-4C2D-919F-FFDA182CFB5F}.Release|iPhoneSimulator.Deploy.0 = Release|Any CPU
		{99DC4DBC-58EF-4532-99C9-79CE378DA855}.Debug|Any CPU.ActiveCfg = Debug|iPhone
		{99DC4DBC-58EF-4532-99C9-79CE378DA855}.Debug|Any CPU.Build.0 = Debug|iPhone
		{99DC4DBC-58EF-4532-99C9-79CE378DA855}.Debug|Any CPU.Deploy.0 = Debug|iPhone
		{99DC4DBC-58EF-4532-99C9-79CE378DA855}.Debug|iPhone.ActiveCfg = Debug|iPhone
		{99DC4DBC-58EF-4532-99C9-79CE378DA855}.Debug|iPhone.Build.0 = Debug|iPhone
		{99DC4DBC-58EF-4532-99C9-79CE378DA855}.Debug|iPhone.Deploy.0 = Debug|iPhone
		{99DC4DBC-58EF-4532-99C9-79CE378DA855}.Debug|iPhoneSimulator.ActiveCfg = Debug|iPhoneSimulator
		{99DC4DBC-58EF-4532-99C9-79CE378DA855}.Debug|iPhoneSimulator.Build.0 = Debug|iPhoneSimulator
		{99DC4DBC-58EF-4532-99C9-79CE378DA855}.Debug|iPhoneSimulator.Deploy.0 = Debug|iPhoneSimulator
		{99DC4DBC-58EF-4532-99C9-79CE378DA855}.Release|Any CPU.ActiveCfg = Release|iPhoneSimulator
		{99DC4DBC-58EF-4532-99C9-79CE378DA855}.Release|Any CPU.Build.0 = Release|iPhoneSimulator
		{99DC4DBC-58EF-4532-99C9-79CE378DA855}.Release|Any CPU.Deploy.0 = Release|iPhoneSimulator
		{99DC4DBC-58EF-4532-99C9-79CE378DA855}.Release|iPhone.ActiveCfg = Release|iPhone
		{99DC4DBC-58EF-4532-99C9-79CE378DA855}.Release|iPhone.Build.0 = Release|iPhone
		{99DC4DBC-58EF-4532-99C9-79CE378DA855}.Release|iPhone.Deploy.0 = Release|iPhone
		{99DC4DBC-58EF-4532-99C9-79CE378DA855}.Release|iPhoneSimulator.ActiveCfg = Release|iPhoneSimulator
		{99DC4DBC-58EF-4532-99C9-79CE378DA855}.Release|iPhoneSimulator.Build.0 = Release|iPhoneSimulator
		{99DC4DBC-58EF-4532-99C9-79CE378DA855}.Release|iPhoneSimulator.Deploy.0 = Release|iPhoneSimulator
		{090CD0EA-EC62-4A6D-81F7-624F9A0EFCBD}.Debug|Any CPU.ActiveCfg = Debug|Any CPU
		{090CD0EA-EC62-4A6D-81F7-624F9A0EFCBD}.Debug|Any CPU.Build.0 = Debug|Any CPU
		{090CD0EA-EC62-4A6D-81F7-624F9A0EFCBD}.Debug|Any CPU.Deploy.0 = Debug|Any CPU
		{090CD0EA-EC62-4A6D-81F7-624F9A0EFCBD}.Debug|iPhone.ActiveCfg = Debug|Any CPU
		{090CD0EA-EC62-4A6D-81F7-624F9A0EFCBD}.Debug|iPhone.Build.0 = Debug|Any CPU
		{090CD0EA-EC62-4A6D-81F7-624F9A0EFCBD}.Debug|iPhone.Deploy.0 = Debug|Any CPU
		{090CD0EA-EC62-4A6D-81F7-624F9A0EFCBD}.Debug|iPhoneSimulator.ActiveCfg = Debug|Any CPU
		{090CD0EA-EC62-4A6D-81F7-624F9A0EFCBD}.Debug|iPhoneSimulator.Build.0 = Debug|Any CPU
		{090CD0EA-EC62-4A6D-81F7-624F9A0EFCBD}.Debug|iPhoneSimulator.Deploy.0 = Debug|Any CPU
		{090CD0EA-EC62-4A6D-81F7-624F9A0EFCBD}.Release|Any CPU.ActiveCfg = Release|Any CPU
		{090CD0EA-EC62-4A6D-81F7-624F9A0EFCBD}.Release|Any CPU.Build.0 = Release|Any CPU
		{090CD0EA-EC62-4A6D-81F7-624F9A0EFCBD}.Release|Any CPU.Deploy.0 = Release|Any CPU
		{090CD0EA-EC62-4A6D-81F7-624F9A0EFCBD}.Release|iPhone.ActiveCfg = Release|Any CPU
		{090CD0EA-EC62-4A6D-81F7-624F9A0EFCBD}.Release|iPhone.Build.0 = Release|Any CPU
		{090CD0EA-EC62-4A6D-81F7-624F9A0EFCBD}.Release|iPhone.Deploy.0 = Release|Any CPU
		{090CD0EA-EC62-4A6D-81F7-624F9A0EFCBD}.Release|iPhoneSimulator.ActiveCfg = Release|Any CPU
		{090CD0EA-EC62-4A6D-81F7-624F9A0EFCBD}.Release|iPhoneSimulator.Build.0 = Release|Any CPU
		{090CD0EA-EC62-4A6D-81F7-624F9A0EFCBD}.Release|iPhoneSimulator.Deploy.0 = Release|Any CPU
		{34C163D3-7C3A-4908-8C28-D246DCA15DEE}.Debug|Any CPU.ActiveCfg = Debug|Any CPU
		{34C163D3-7C3A-4908-8C28-D246DCA15DEE}.Debug|Any CPU.Build.0 = Debug|Any CPU
		{34C163D3-7C3A-4908-8C28-D246DCA15DEE}.Debug|Any CPU.Deploy.0 = Debug|Any CPU
		{34C163D3-7C3A-4908-8C28-D246DCA15DEE}.Debug|iPhone.ActiveCfg = Debug|Any CPU
		{34C163D3-7C3A-4908-8C28-D246DCA15DEE}.Debug|iPhone.Build.0 = Debug|Any CPU
		{34C163D3-7C3A-4908-8C28-D246DCA15DEE}.Debug|iPhone.Deploy.0 = Debug|Any CPU
		{34C163D3-7C3A-4908-8C28-D246DCA15DEE}.Debug|iPhoneSimulator.ActiveCfg = Debug|Any CPU
		{34C163D3-7C3A-4908-8C28-D246DCA15DEE}.Debug|iPhoneSimulator.Build.0 = Debug|Any CPU
		{34C163D3-7C3A-4908-8C28-D246DCA15DEE}.Debug|iPhoneSimulator.Deploy.0 = Debug|Any CPU
		{34C163D3-7C3A-4908-8C28-D246DCA15DEE}.Release|Any CPU.ActiveCfg = Release|Any CPU
		{34C163D3-7C3A-4908-8C28-D246DCA15DEE}.Release|Any CPU.Build.0 = Release|Any CPU
		{34C163D3-7C3A-4908-8C28-D246DCA15DEE}.Release|Any CPU.Deploy.0 = Release|Any CPU
		{34C163D3-7C3A-4908-8C28-D246DCA15DEE}.Release|iPhone.ActiveCfg = Release|Any CPU
		{34C163D3-7C3A-4908-8C28-D246DCA15DEE}.Release|iPhone.Build.0 = Release|Any CPU
		{34C163D3-7C3A-4908-8C28-D246DCA15DEE}.Release|iPhone.Deploy.0 = Release|Any CPU
		{34C163D3-7C3A-4908-8C28-D246DCA15DEE}.Release|iPhoneSimulator.ActiveCfg = Release|Any CPU
		{34C163D3-7C3A-4908-8C28-D246DCA15DEE}.Release|iPhoneSimulator.Build.0 = Release|Any CPU
		{34C163D3-7C3A-4908-8C28-D246DCA15DEE}.Release|iPhoneSimulator.Deploy.0 = Release|Any CPU
		{4A220124-7445-4909-8032-5929EB05C14E}.Debug|Any CPU.ActiveCfg = Debug|iPhoneSimulator
		{4A220124-7445-4909-8032-5929EB05C14E}.Debug|iPhone.ActiveCfg = Debug|iPhone
		{4A220124-7445-4909-8032-5929EB05C14E}.Debug|iPhone.Build.0 = Debug|iPhone
		{4A220124-7445-4909-8032-5929EB05C14E}.Debug|iPhoneSimulator.ActiveCfg = Debug|iPhoneSimulator
		{4A220124-7445-4909-8032-5929EB05C14E}.Debug|iPhoneSimulator.Build.0 = Debug|iPhoneSimulator
		{4A220124-7445-4909-8032-5929EB05C14E}.Release|Any CPU.ActiveCfg = Release|iPhoneSimulator
		{4A220124-7445-4909-8032-5929EB05C14E}.Release|iPhone.ActiveCfg = Release|iPhone
		{4A220124-7445-4909-8032-5929EB05C14E}.Release|iPhone.Build.0 = Release|iPhone
		{4A220124-7445-4909-8032-5929EB05C14E}.Release|iPhoneSimulator.ActiveCfg = Release|iPhoneSimulator
		{4A220124-7445-4909-8032-5929EB05C14E}.Release|iPhoneSimulator.Build.0 = Release|iPhoneSimulator
		{D67E41F9-83B8-4BFA-98C7-D9ECA95B7A44}.Debug|Any CPU.ActiveCfg = Debug|Any CPU
		{D67E41F9-83B8-4BFA-98C7-D9ECA95B7A44}.Debug|Any CPU.Build.0 = Debug|Any CPU
		{D67E41F9-83B8-4BFA-98C7-D9ECA95B7A44}.Debug|iPhone.ActiveCfg = Debug|Any CPU
		{D67E41F9-83B8-4BFA-98C7-D9ECA95B7A44}.Debug|iPhone.Build.0 = Debug|Any CPU
		{D67E41F9-83B8-4BFA-98C7-D9ECA95B7A44}.Debug|iPhoneSimulator.ActiveCfg = Debug|Any CPU
		{D67E41F9-83B8-4BFA-98C7-D9ECA95B7A44}.Debug|iPhoneSimulator.Build.0 = Debug|Any CPU
		{D67E41F9-83B8-4BFA-98C7-D9ECA95B7A44}.Release|Any CPU.ActiveCfg = Release|Any CPU
		{D67E41F9-83B8-4BFA-98C7-D9ECA95B7A44}.Release|Any CPU.Build.0 = Release|Any CPU
		{D67E41F9-83B8-4BFA-98C7-D9ECA95B7A44}.Release|iPhone.ActiveCfg = Release|Any CPU
		{D67E41F9-83B8-4BFA-98C7-D9ECA95B7A44}.Release|iPhone.Build.0 = Release|Any CPU
		{D67E41F9-83B8-4BFA-98C7-D9ECA95B7A44}.Release|iPhoneSimulator.ActiveCfg = Release|Any CPU
		{D67E41F9-83B8-4BFA-98C7-D9ECA95B7A44}.Release|iPhoneSimulator.Build.0 = Release|Any CPU
		{5CB12C37-A426-4E9B-8A9B-9CAB6A18B0BE}.Debug|Any CPU.ActiveCfg = Debug|Any CPU
		{5CB12C37-A426-4E9B-8A9B-9CAB6A18B0BE}.Debug|Any CPU.Build.0 = Debug|Any CPU
		{5CB12C37-A426-4E9B-8A9B-9CAB6A18B0BE}.Debug|iPhone.ActiveCfg = Debug|Any CPU
		{5CB12C37-A426-4E9B-8A9B-9CAB6A18B0BE}.Debug|iPhone.Build.0 = Debug|Any CPU
		{5CB12C37-A426-4E9B-8A9B-9CAB6A18B0BE}.Debug|iPhoneSimulator.ActiveCfg = Debug|Any CPU
		{5CB12C37-A426-4E9B-8A9B-9CAB6A18B0BE}.Debug|iPhoneSimulator.Build.0 = Debug|Any CPU
		{5CB12C37-A426-4E9B-8A9B-9CAB6A18B0BE}.Release|Any CPU.ActiveCfg = Release|Any CPU
		{5CB12C37-A426-4E9B-8A9B-9CAB6A18B0BE}.Release|Any CPU.Build.0 = Release|Any CPU
		{5CB12C37-A426-4E9B-8A9B-9CAB6A18B0BE}.Release|iPhone.ActiveCfg = Release|Any CPU
		{5CB12C37-A426-4E9B-8A9B-9CAB6A18B0BE}.Release|iPhone.Build.0 = Release|Any CPU
		{5CB12C37-A426-4E9B-8A9B-9CAB6A18B0BE}.Release|iPhoneSimulator.ActiveCfg = Release|Any CPU
		{5CB12C37-A426-4E9B-8A9B-9CAB6A18B0BE}.Release|iPhoneSimulator.Build.0 = Release|Any CPU
		{66519B52-97FB-4A12-884E-EAB858B8407E}.Debug|Any CPU.ActiveCfg = Debug|Any CPU
		{66519B52-97FB-4A12-884E-EAB858B8407E}.Debug|Any CPU.Build.0 = Debug|Any CPU
		{66519B52-97FB-4A12-884E-EAB858B8407E}.Debug|iPhone.ActiveCfg = Debug|Any CPU
		{66519B52-97FB-4A12-884E-EAB858B8407E}.Debug|iPhone.Build.0 = Debug|Any CPU
		{66519B52-97FB-4A12-884E-EAB858B8407E}.Debug|iPhoneSimulator.ActiveCfg = Debug|Any CPU
		{66519B52-97FB-4A12-884E-EAB858B8407E}.Debug|iPhoneSimulator.Build.0 = Debug|Any CPU
		{66519B52-97FB-4A12-884E-EAB858B8407E}.Release|Any CPU.ActiveCfg = Release|Any CPU
		{66519B52-97FB-4A12-884E-EAB858B8407E}.Release|Any CPU.Build.0 = Release|Any CPU
		{66519B52-97FB-4A12-884E-EAB858B8407E}.Release|iPhone.ActiveCfg = Release|Any CPU
		{66519B52-97FB-4A12-884E-EAB858B8407E}.Release|iPhone.Build.0 = Release|Any CPU
		{66519B52-97FB-4A12-884E-EAB858B8407E}.Release|iPhoneSimulator.ActiveCfg = Release|Any CPU
		{66519B52-97FB-4A12-884E-EAB858B8407E}.Release|iPhoneSimulator.Build.0 = Release|Any CPU
	EndGlobalSection
	GlobalSection(SolutionProperties) = preSolution
		HideSolutionNode = FALSE
	EndGlobalSection
	GlobalSection(ExtensibilityGlobals) = postSolution
		SolutionGuid = {1585AB9F-0BAA-4ECE-8CAA-0B219D12C1CC}
	EndGlobalSection
EndGlobal
